
Microsoft Visual Studio Solution File, Format Version 12.00
# Visual Studio Version 16
VisualStudioVersion = 16.0.29102.190
MinimumVisualStudioVersion = 10.0.40219.1
Project("{FAE04EC0-301F-11D3-BF4B-00C04F79EFBC}") = "PizzaOrderingAPI", "PizzaOrderingAPI\PizzaOrderingAPI.csproj", "{748C1742-A6E2-4DB6-A932-E2277D332EF7}"
EndProject
Project("{FAE04EC0-301F-11D3-BF4B-00C04F79EFBC}") = "Entity", "Entity\Entity.csproj", "{620ED6EE-34D8-4B6B-A363-A11365FB3DA1}"
EndProject
Project("{FAE04EC0-301F-11D3-BF4B-00C04F79EFBC}") = "PizzaOrderingUI", "PizzaOrderingUI\PizzaOrderingUI.csproj", "{984B45F2-134A-4D76-B8D9-C70D815632C0}"
EndProject
Global
	GlobalSection(SolutionConfigurationPlatforms) = preSolution
		Debug|Any CPU = Debug|Any CPU
		Release|Any CPU = Release|Any CPU
	EndGlobalSection
	GlobalSection(ProjectConfigurationPlatforms) = postSolution
		{748C1742-A6E2-4DB6-A932-E2277D332EF7}.Debug|Any CPU.ActiveCfg = Debug|Any CPU
		{748C1742-A6E2-4DB6-A932-E2277D332EF7}.Debug|Any CPU.Build.0 = Debug|Any CPU
		{748C1742-A6E2-4DB6-A932-E2277D332EF7}.Release|Any CPU.ActiveCfg = Release|Any CPU
		{748C1742-A6E2-4DB6-A932-E2277D332EF7}.Release|Any CPU.Build.0 = Release|Any CPU
		{620ED6EE-34D8-4B6B-A363-A11365FB3DA1}.Debug|Any CPU.ActiveCfg = Debug|Any CPU
		{620ED6EE-34D8-4B6B-A363-A11365FB3DA1}.Debug|Any CPU.Build.0 = Debug|Any CPU
		{620ED6EE-34D8-4B6B-A363-A11365FB3DA1}.Release|Any CPU.ActiveCfg = Release|Any CPU
		{620ED6EE-34D8-4B6B-A363-A11365FB3DA1}.Release|Any CPU.Build.0 = Release|Any CPU
		{984B45F2-134A-4D76-B8D9-C70D815632C0}.Debug|Any CPU.ActiveCfg = Debug|Any CPU
		{984B45F2-134A-4D76-B8D9-C70D815632C0}.Debug|Any CPU.Build.0 = Debug|Any CPU
		{984B45F2-134A-4D76-B8D9-C70D815632C0}.Release|Any CPU.ActiveCfg = Release|Any CPU
		{984B45F2-134A-4D76-B8D9-C70D815632C0}.Release|Any CPU.Build.0 = Release|Any CPU
	EndGlobalSection
	GlobalSection(SolutionProperties) = preSolution
		HideSolutionNode = FALSE
	EndGlobalSection
	GlobalSection(ExtensibilityGlobals) = postSolution
		SolutionGuid = {BE5F5D1A-7EB5-4E61-8AFF-92A88A6899DB}
	EndGlobalSection
EndGlobal
